// !$*UTF8*$!
{
	archiveVersion = 1;
	classes = {
	};
	objectVersion = 77;
	objects = {

/* Begin PBXContainerItemProxy section */
		9CDC04682EAB9B2000E7F44D /* PBXContainerItemProxy */ = {
			isa = PBXContainerItemProxy;
			containerPortal = 9CDC04522EAB9B1E00E7F44D /* Project object */;
			proxyType = 1;
			remoteGlobalIDString = 9CDC04592EAB9B1E00E7F44D;
			remoteInfo = "Intelligent identification";
		};
		9CDC04722EAB9B2000E7F44D /* PBXContainerItemProxy */ = {
			isa = PBXContainerItemProxy;
			containerPortal = 9CDC04522EAB9B1E00E7F44D /* Project object */;
			proxyType = 1;
			remoteGlobalIDString = 9CDC04592EAB9B1E00E7F44D;
			remoteInfo = "Intelligent identification";
		};
/* End PBXContainerItemProxy section */

/* Begin PBXFileReference section */
		9CDC045A2EAB9B1E00E7F44D /* Intelligent identification.app */ = {isa = PBXFileReference; explicitFileType = wrapper.application; includeInIndex = 0; path = "Intelligent identification.app"; sourceTree = BUILT_PRODUCTS_DIR; };
		9CDC04672EAB9B2000E7F44D /* Intelligent identificationTests.xctest */ = {isa = PBXFileReference; explicitFileType = wrapper.cfbundle; includeInIndex = 0; path = "Intelligent identificationTests.xctest"; sourceTree = BUILT_PRODUCTS_DIR; };
		9CDC04712EAB9B2000E7F44D /* Intelligent identificationUITests.xctest */ = {isa = PBXFileReference; explicitFileType = wrapper.cfbundle; includeInIndex = 0; path = "Intelligent identificationUITests.xctest"; sourceTree = BUILT_PRODUCTS_DIR; };
/* End PBXFileReference section */

/* Begin PBXFileSystemSynchronizedRootGroup section */
		9CDC045C2EAB9B1E00E7F44D /* Intelligent identification */ = {
			isa = PBXFileSystemSynchronizedRootGroup;
			path = "Intelligent identification";
			sourceTree = "<group>";
		};
		9CDC046A2EAB9B2000E7F44D /* Intelligent identificationTests */ = {
			isa = PBXFileSystemSynchronizedRootGroup;
			path = "Intelligent identificationTests";
			sourceTree = "<group>";
		};
		9CDC04742EAB9B2000E7F44D /* Intelligent identificationUITests */ = {
			isa = PBXFileSystemSynchronizedRootGroup;
			path = "Intelligent identificationUITests";
			sourceTree = "<group>";
		};
/* End PBXFileSystemSynchronizedRootGroup section */

/* Begin PBXFrameworksBuildPhase section */
		9CDC04572EAB9B1E00E7F44D /* Frameworks */ = {
			isa = PBXFrameworksBuildPhase;
			buildActionMask = 2147483647;
			files = (
			);
			runOnlyForDeploymentPostprocessing = 0;
		};
		9CDC04642EAB9B2000E7F44D /* Frameworks */ = {
			isa = PBXFrameworksBuildPhase;
			buildActionMask = 2147483647;
			files = (
			);
			runOnlyForDeploymentPostprocessing = 0;
		};
		9CDC046E2EAB9B2000E7F44D /* Frameworks */ = {
			isa = PBXFrameworksBuildPhase;
			buildActionMask = 2147483647;
			files = (
			);
			runOnlyForDeploymentPostprocessing = 0;
		};
/* End PBXFrameworksBuildPhase section */

/* Begin PBXGroup section */
		9CDC04512EAB9B1E00E7F44D = {
			isa = PBXGroup;
			children = (
				9CDC045C2EAB9B1E00E7F44D /* Intelligent identification */,
				9CDC046A2EAB9B2000E7F44D /* Intelligent identificationTests */,
				9CDC04742EAB9B2000E7F44D /* Intelligent identificationUITests */,
				9CDC045B2EAB9B1E00E7F44D /* Products */,
			);
			sourceTree = "<group>";
		};
		9CDC045B2EAB9B1E00E7F44D /* Products */ = {
			isa = PBXGroup;
			children = (
				9CDC045A2EAB9B1E00E7F44D /* Intelligent identification.app */,
				9CDC04672EAB9B2000E7F44D /* Intelligent identificationTests.xctest */,
				9CDC04712EAB9B2000E7F44D /* Intelligent identificationUITests.xctest */,
			);
			name = Products;
			sourceTree = "<group>";
		};
/* End PBXGroup section */

/* Begin PBXNativeTarget section */
		9CDC04592EAB9B1E00E7F44D /* Intelligent identification */ = {
			isa = PBXNativeTarget;
			buildConfigurationList = 9CDC047B2EAB9B2000E7F44D /* Build configuration list for PBXNativeTarget "Intelligent identification" */;
			buildPhases = (
				9CDC04562EAB9B1E00E7F44D /* Sources */,
				9CDC04572EAB9B1E00E7F44D /* Frameworks */,
				9CDC04582EAB9B1E00E7F44D /* Resources */,
			);
			buildRules = (
			);
			dependencies = (
			);
			fileSystemSynchronizedGroups = (
				9CDC045C2EAB9B1E00E7F44D /* Intelligent identification */,
			);
			name = "Intelligent identification";
			packageProductDependencies = (
			);
			productName = "Intelligent identification";
			productReference = 9CDC045A2EAB9B1E00E7F44D /* Intelligent identification.app */;
			productType = "com.apple.product-type.application";
		};
		9CDC04662EAB9B2000E7F44D /* Intelligent identificationTests */ = {
			isa = PBXNativeTarget;
			buildConfigurationList = 9CDC047E2EAB9B2000E7F44D /* Build configuration list for PBXNativeTarget "Intelligent identificationTests" */;
			buildPhases = (
				9CDC04632EAB9B2000E7F44D /* Sources */,
				9CDC04642EAB9B2000E7F44D /* Frameworks */,
				9CDC04652EAB9B2000E7F44D /* Resources */,
			);
			buildRules = (
			);
			dependencies = (
				9CDC04692EAB9B2000E7F44D /* PBXTargetDependency */,
			);
			fileSystemSynchronizedGroups = (
				9CDC046A2EAB9B2000E7F44D /* Intelligent identificationTests */,
			);
			name = "Intelligent identificationTests";
			packageProductDependencies = (
			);
			productName = "Intelligent identificationTests";
			productReference = 9CDC04672EAB9B2000E7F44D /* Intelligent identificationTests.xctest */;
			productType = "com.apple.product-type.bundle.unit-test";
		};
		9CDC04702EAB9B2000E7F44D /* Intelligent identificationUITests */ = {
			isa = PBXNativeTarget;
			buildConfigurationList = 9CDC04812EAB9B2000E7F44D /* Build configuration list for PBXNativeTarget "Intelligent identificationUITests" */;
			buildPhases = (
				9CDC046D2EAB9B2000E7F44D /* Sources */,
				9CDC046E2EAB9B2000E7F44D /* Frameworks */,
				9CDC046F2EAB9B2000E7F44D /* Resources */,
			);
			buildRules = (
			);
			dependencies = (
				9CDC04732EAB9B2000E7F44D /* PBXTargetDependency */,
			);
			fileSystemSynchronizedGroups = (
				9CDC04742EAB9B2000E7F44D /* Intelligent identificationUITests */,
			);
			name = "Intelligent identificationUITests";
			packageProductDependencies = (
			);
			productName = "Intelligent identificationUITests";
			productReference = 9CDC04712EAB9B2000E7F44D /* Intelligent identificationUITests.xctest */;
			productType = "com.apple.product-type.bundle.ui-testing";
		};
/* End PBXNativeTarget section */

/* Begin PBXProject section */
		9CDC04522EAB9B1E00E7F44D /* Project object */ = {
			isa = PBXProject;
			attributes = {
				BuildIndependentTargetsInParallel = 1;
				LastSwiftUpdateCheck = 2600;
				LastUpgradeCheck = 2600;
				TargetAttributes = {
					9CDC04592EAB9B1E00E7F44D = {
						CreatedOnToolsVersion = 26.0;
					};
					9CDC04662EAB9B2000E7F44D = {
						CreatedOnToolsVersion = 26.0;
						TestTargetID = 9CDC04592EAB9B1E00E7F44D;
					};
					9CDC04702EAB9B2000E7F44D = {
						CreatedOnToolsVersion = 26.0;
						TestTargetID = 9CDC04592EAB9B1E00E7F44D;
					};
				};
			};
			buildConfigurationList = 9CDC04552EAB9B1E00E7F44D /* Build configuration list for PBXProject "Intelligent identification" */;
			developmentRegion = en;
			hasScannedForEncodings = 0;
			knownRegions = (
				en,
				Base,
			);
			mainGroup = 9CDC04512EAB9B1E00E7F44D;
			minimizedProjectReferenceProxies = 1;
			preferredProjectObjectVersion = 77;
			productRefGroup = 9CDC045B2EAB9B1E00E7F44D /* Products */;
			projectDirPath = "";
			projectRoot = "";
			targets = (
				9CDC04592EAB9B1E00E7F44D /* Intelligent identification */,
				9CDC04662EAB9B2000E7F44D /* Intelligent identificationTests */,
				9CDC04702EAB9B2000E7F44D /* Intelligent identificationUITests */,
			);
		};
/* End PBXProject section */

/* Begin PBXResourcesBuildPhase section */
		9CDC04582EAB9B1E00E7F44D /* Resources */ = {
			isa = PBXResourcesBuildPhase;
			buildActionMask = 2147483647;
			files = (
			);
			runOnlyForDeploymentPostprocessing = 0;
		};
		9CDC04652EAB9B2000E7F44D /* Resources */ = {
			isa = PBXResourcesBuildPhase;
			buildActionMask = 2147483647;
			files = (
			);
			runOnlyForDeploymentPostprocessing = 0;
		};
		9CDC046F2EAB9B2000E7F44D /* Resources */ = {
			isa = PBXResourcesBuildPhase;
			buildActionMask = 2147483647;
			files = (
			);
			runOnlyForDeploymentPostprocessing = 0;
		};
/* End PBXResourcesBuildPhase section */

/* Begin PBXSourcesBuildPhase section */
		9CDC04562EAB9B1E00E7F44D /* Sources */ = {
			isa = PBXSourcesBuildPhase;
			buildActionMask = 2147483647;
			files = (
			);
			runOnlyForDeploymentPostprocessing = 0;
		};
		9CDC04632EAB9B2000E7F44D /* Sources */ = {
			isa = PBXSourcesBuildPhase;
			buildActionMask = 2147483647;
			files = (
			);
			runOnlyForDeploymentPostprocessing = 0;
		};
		9CDC046D2EAB9B2000E7F44D /* Sources */ = {
			isa = PBXSourcesBuildPhase;
			buildActionMask = 2147483647;
			files = (
			);
			runOnlyForDeploymentPostprocessing = 0;
		};
/* End PBXSourcesBuildPhase section */

/* Begin PBXTargetDependency section */
		9CDC04692EAB9B2000E7F44D /* PBXTargetDependency */ = {
			isa = PBXTargetDependency;
			target = 9CDC04592EAB9B1E00E7F44D /* Intelligent identification */;
			targetProxy = 9CDC04682EAB9B2000E7F44D /* PBXContainerItemProxy */;
		};
		9CDC04732EAB9B2000E7F44D /* PBXTargetDependency */ = {
			isa = PBXTargetDependency;
			target = 9CDC04592EAB9B1E00E7F44D /* Intelligent identification */;
			targetProxy = 9CDC04722EAB9B2000E7F44D /* PBXContainerItemProxy */;
		};
/* End PBXTargetDependency section */

/* Begin XCBuildConfiguration section */
		9CDC04792EAB9B2000E7F44D /* Debug */ = {
			isa = XCBuildConfiguration;
			buildSettings = {
				ALWAYS_SEARCH_USER_PATHS = NO;
				ASSETCATALOG_COMPILER_GENERATE_SWIFT_ASSET_SYMBOL_EXTENSIONS = YES;
				CLANG_ANALYZER_NONNULL = YES;
				CLANG_ANALYZER_NUMBER_OBJECT_CONVERSION = YES_AGGRESSIVE;
				CLANG_CXX_LANGUAGE_STANDARD = "gnu++20";
				CLANG_ENABLE_MODULES = YES;
				CLANG_ENABLE_OBJC_ARC = YES;
				CLANG_ENABLE_OBJC_WEAK = YES;
				CLANG_WARN_BLOCK_CAPTURE_AUTORELEASING = YES;
				CLANG_WARN_BOOL_CONVERSION = YES;
				CLANG_WARN_COMMA = YES;
				CLANG_WARN_CONSTANT_CONVERSION = YES;
				CLANG_WARN_DEPRECATED_OBJC_IMPLEMENTATIONS = YES;
				CLANG_WARN_DIRECT_OBJC_ISA_USAGE = YES_ERROR;
				CLANG_WARN_DOCUMENTATION_COMMENTS = YES;
				CLANG_WARN_EMPTY_BODY = YES;
				CLANG_WARN_ENUM_CONVERSION = YES;
				CLANG_WARN_INFINITE_RECURSION = YES;
				CLANG_WARN_INT_CONVERSION = YES;
				CLANG_WARN_NON_LITERAL_NULL_CONVERSION = YES;
				CLANG_WARN_OBJC_IMPLICIT_RETAIN_SELF = YES;
				CLANG_WARN_OBJC_LITERAL_CONVERSION = YES;
				CLANG_WARN_OBJC_ROOT_CLASS = YES_ERROR;
				CLANG_WARN_QUOTED_INCLUDE_IN_FRAMEWORK_HEADER = YES;
				CLANG_WARN_RANGE_LOOP_ANALYSIS = YES;
				CLANG_WARN_STRICT_PROTOTYPES = YES;
				CLANG_WARN_SUSPICIOUS_MOVE = YES;
				CLANG_WARN_UNGUARDED_AVAILABILITY = YES_AGGRESSIVE;
				CLANG_WARN_UNREACHABLE_CODE = YES;
				CLANG_WARN__DUPLICATE_METHOD_MATCH = YES;
				COPY_PHASE_STRIP = NO;
				DEBUG_INFORMATION_FORMAT = dwarf;
				DEVELOPMENT_TEAM = 5C8BPYP65B;
				ENABLE_STRICT_OBJC_MSGSEND = YES;
				ENABLE_TESTABILITY = YES;
				ENABLE_USER_SCRIPT_SANDBOXING = YES;
				GCC_C_LANGUAGE_STANDARD = gnu17;
				GCC_DYNAMIC_NO_PIC = NO;
				GCC_NO_COMMON_BLOCKS = YES;
				GCC_OPTIMIZATION_LEVEL = 0;
				GCC_PREPROCESSOR_DEFINITIONS = (
					"DEBUG=1",
					"$(inherited)",
				);
				GCC_WARN_64_TO_32_BIT_CONVERSION = YES;
				GCC_WARN_ABOUT_RETURN_TYPE = YES_ERROR;
				GCC_WARN_UNDECLARED_SELECTOR = YES;
				GCC_WARN_UNINITIALIZED_AUTOS = YES_AGGRESSIVE;
				GCC_WARN_UNUSED_FUNCTION = YES;
				GCC_WARN_UNUSED_VARIABLE = YES;
				IPHONEOS_DEPLOYMENT_TARGET = 26.0;
				LOCALIZATION_PREFERS_STRING_CATALOGS = YES;
				MTL_ENABLE_DEBUG_INFO = INCLUDE_SOURCE;
				MTL_FAST_MATH = YES;
				ONLY_ACTIVE_ARCH = YES;
				SDKROOT = iphoneos;
				SWIFT_ACTIVE_COMPILATION_CONDITIONS = "DEBUG $(inherited)";
				SWIFT_OPTIMIZATION_LEVEL = "-Onone";
			};
			name = Debug;
		};
		9CDC047A2EAB9B2000E7F44D /* Release */ = {
			isa = XCBuildConfiguration;
			buildSettings = {
				ALWAYS_SEARCH_USER_PATHS = NO;
				ASSETCATALOG_COMPILER_GENERATE_SWIFT_ASSET_SYMBOL_EXTENSIONS = YES;
				CLANG_ANALYZER_NONNULL = YES;
				CLANG_ANALYZER_NUMBER_OBJECT_CONVERSION = YES_AGGRESSIVE;
				CLANG_CXX_LANGUAGE_STANDARD = "gnu++20";
				CLANG_ENABLE_MODULES = YES;
				CLANG_ENABLE_OBJC_ARC = YES;
				CLANG_ENABLE_OBJC_WEAK = YES;
				CLANG_WARN_BLOCK_CAPTURE_AUTORELEASING = YES;
				CLANG_WARN_BOOL_CONVERSION = YES;
				CLANG_WARN_COMMA = YES;
				CLANG_WARN_CONSTANT_CONVERSION = YES;
				CLANG_WARN_DEPRECATED_OBJC_IMPLEMENTATIONS = YES;
				CLANG_WARN_DIRECT_OBJC_ISA_USAGE = YES_ERROR;
				CLANG_WARN_DOCUMENTATION_COMMENTS = YES;
				CLANG_WARN_EMPTY_BODY = YES;
				CLANG_WARN_ENUM_CONVERSION = YES;
				CLANG_WARN_INFINITE_RECURSION = YES;
				CLANG_WARN_INT_CONVERSION = YES;
				CLANG_WARN_NON_LITERAL_NULL_CONVERSION = YES;
				CLANG_WARN_OBJC_IMPLICIT_RETAIN_SELF = YES;
				CLANG_WARN_OBJC_LITERAL_CONVERSION = YES;
				CLANG_WARN_OBJC_ROOT_CLASS = YES_ERROR;
				CLANG_WARN_QUOTED_INCLUDE_IN_FRAMEWORK_HEADER = YES;
				CLANG_WARN_RANGE_LOOP_ANALYSIS = YES;
				CLANG_WARN_STRICT_PROTOTYPES = YES;
				CLANG_WARN_SUSPICIOUS_MOVE = YES;
				CLANG_WARN_UNGUARDED_AVAILABILITY = YES_AGGRESSIVE;
				CLANG_WARN_UNREACHABLE_CODE = YES;
				CLANG_WARN__DUPLICATE_METHOD_MATCH = YES;
				COPY_PHASE_STRIP = NO;
				DEBUG_INFORMATION_FORMAT = "dwarf-with-dsym";
				DEVELOPMENT_TEAM = 5C8BPYP65B;
				ENABLE_NS_ASSERTIONS = NO;
				ENABLE_STRICT_OBJC_MSGSEND = YES;
				ENABLE_USER_SCRIPT_SANDBOXING = YES;
				GCC_C_LANGUAGE_STANDARD = gnu17;
				GCC_NO_COMMON_BLOCKS = YES;
				GCC_WARN_64_TO_32_BIT_CONVERSION = YES;
				GCC_WARN_ABOUT_RETURN_TYPE = YES_ERROR;
				GCC_WARN_UNDECLARED_SELECTOR = YES;
				GCC_WARN_UNINITIALIZED_AUTOS = YES_AGGRESSIVE;
				GCC_WARN_UNUSED_FUNCTION = YES;
				GCC_WARN_UNUSED_VARIABLE = YES;
				IPHONEOS_DEPLOYMENT_TARGET = 26.0;
				LOCALIZATION_PREFERS_STRING_CATALOGS = YES;
				MTL_ENABLE_DEBUG_INFO = NO;
				MTL_FAST_MATH = YES;
				SDKROOT = iphoneos;
				SWIFT_COMPILATION_MODE = wholemodule;
				VALIDATE_PRODUCT = YES;
			};
			name = Release;
		};
		9CDC047C2EAB9B2000E7F44D /* Debug */ = {
			isa = XCBuildConfiguration;
			buildSettings = {
				ASSETCATALOG_COMPILER_APPICON_NAME = AppIcon;
				ASSETCATALOG_COMPILER_GLOBAL_ACCENT_COLOR_NAME = AccentColor;
				CODE_SIGN_ENTITLEMENTS = "Intelligent identification/Intelligent identification.entitlements";
				CODE_SIGN_STYLE = Automatic;
				CURRENT_PROJECT_VERSION = 1;
				DEVELOPMENT_TEAM = WTGJGVQPDD;
				ENABLE_PREVIEWS = YES;
				GENERATE_INFOPLIST_FILE = YES;
				INFOPLIST_KEY_NSCameraUsageDescription = "我们需要访问相机来识别物体并帮助您学习语言。We need camera access to recognize objects and help you learn languages.";
				INFOPLIST_KEY_NSPhotoLibraryAddUsageDescription = "我们需要写入相册以保存识别结果图片。We need permission to save recognition photos to your library.";
				INFOPLIST_KEY_NSPhotoLibraryUsageDescription = "我们需要访问相册以选择和保存学习照片。We need photo library access to select and save learning photos.";
				INFOPLIST_KEY_UIApplicationSceneManifest_Generation = YES;
				INFOPLIST_KEY_UIApplicationSupportsIndirectInputEvents = YES;
				INFOPLIST_KEY_UILaunchScreen_Generation = YES;
				INFOPLIST_KEY_UISupportedInterfaceOrientations_iPad = "UIInterfaceOrientationPortrait UIInterfaceOrientationPortraitUpsideDown UIInterfaceOrientationLandscapeLeft UIInterfaceOrientationLandscapeRight";
				INFOPLIST_KEY_UISupportedInterfaceOrientations_iPhone = "UIInterfaceOrientationPortrait UIInterfaceOrientationLandscapeLeft UIInterfaceOrientationLandscapeRight";
				LD_RUNPATH_SEARCH_PATHS = (
					"$(inherited)",
					"@executable_path/Frameworks",
				);
				MARKETING_VERSION = 1.0;
				PRODUCT_BUNDLE_IDENTIFIER = "com.Jiahong-Chen.trip.Intelligent-identification";
				PRODUCT_NAME = "$(TARGET_NAME)";
				STRING_CATALOG_GENERATE_SYMBOLS = YES;
				SWIFT_APPROACHABLE_CONCURRENCY = YES;
				SWIFT_DEFAULT_ACTOR_ISOLATION = MainActor;
				SWIFT_EMIT_LOC_STRINGS = YES;
				SWIFT_UPCOMING_FEATURE_MEMBER_IMPORT_VISIBILITY = YES;
				SWIFT_VERSION = 5.0;
				TARGETED_DEVICE_FAMILY = "1,2";
			};
			name = Debug;
		};
		9CDC047D2EAB9B2000E7F44D /* Release */ = {
			isa = XCBuildConfiguration;
			buildSettings = {
				ASSETCATALOG_COMPILER_APPICON_NAME = AppIcon;
				ASSETCATALOG_COMPILER_GLOBAL_ACCENT_COLOR_NAME = AccentColor;
				CODE_SIGN_ENTITLEMENTS = "Intelligent identification/Intelligent identification.entitlements";
				CODE_SIGN_STYLE = Automatic;
				CURRENT_PROJECT_VERSION = 1;
				DEVELOPMENT_TEAM = WTGJGVQPDD;
				ENABLE_PREVIEWS = YES;
				GENERATE_INFOPLIST_FILE = YES;
				INFOPLIST_KEY_NSCameraUsageDescription = "我们需要访问相机来识别物体并帮助您学习语言。We need camera access to recognize objects and help you learn languages.";
				INFOPLIST_KEY_NSPhotoLibraryAddUsageDescription = "我们需要写入相册以保存识别结果图片。We need permission to save recognition photos to your library.";
				INFOPLIST_KEY_NSPhotoLibraryUsageDescription = "我们需要访问相册以选择和保存学习照片。We need photo library access to select and save learning photos.";
				INFOPLIST_KEY_UIApplicationSceneManifest_Generation = YES;
				INFOPLIST_KEY_UIApplicationSupportsIndirectInputEvents = YES;
				INFOPLIST_KEY_UILaunchScreen_Generation = YES;
				INFOPLIST_KEY_UISupportedInterfaceOrientations_iPad = "UIInterfaceOrientationPortrait UIInterfaceOrientationPortraitUpsideDown UIInterfaceOrientationLandscapeLeft UIInterfaceOrientationLandscapeRight";
				INFOPLIST_KEY_UISupportedInterfaceOrientations_iPhone = "UIInterfaceOrientationPortrait UIInterfaceOrientationLandscapeLeft UIInterfaceOrientationLandscapeRight";
				LD_RUNPATH_SEARCH_PATHS = (
					"$(inherited)",
					"@executable_path/Frameworks",
				);
				MARKETING_VERSION = 1.0;
				PRODUCT_BUNDLE_IDENTIFIER = "com.Jiahong-Chen.trip.Intelligent-identification";
				PRODUCT_NAME = "$(TARGET_NAME)";
				STRING_CATALOG_GENERATE_SYMBOLS = YES;
				SWIFT_APPROACHABLE_CONCURRENCY = YES;
				SWIFT_DEFAULT_ACTOR_ISOLATION = MainActor;
				SWIFT_EMIT_LOC_STRINGS = YES;
				SWIFT_UPCOMING_FEATURE_MEMBER_IMPORT_VISIBILITY = YES;
				SWIFT_VERSION = 5.0;
				TARGETED_DEVICE_FAMILY = "1,2";
			};
			name = Release;
		};
		9CDC047F2EAB9B2000E7F44D /* Debug */ = {
			isa = XCBuildConfiguration;
			buildSettings = {
				BUNDLE_LOADER = "$(TEST_HOST)";
				CODE_SIGN_STYLE = Automatic;
				CURRENT_PROJECT_VERSION = 1;
				DEVELOPMENT_TEAM = WTGJGVQPDD;
				GENERATE_INFOPLIST_FILE = YES;
				IPHONEOS_DEPLOYMENT_TARGET = 26.0;
				MARKETING_VERSION = 1.0;
				PRODUCT_BUNDLE_IDENTIFIER = "com.Jiahong-Chen.trip.Intelligent-identificationTests";
				PRODUCT_NAME = "$(TARGET_NAME)";
				STRING_CATALOG_GENERATE_SYMBOLS = NO;
				SWIFT_APPROACHABLE_CONCURRENCY = YES;
				SWIFT_EMIT_LOC_STRINGS = NO;
				SWIFT_UPCOMING_FEATURE_MEMBER_IMPORT_VISIBILITY = YES;
				SWIFT_VERSION = 5.0;
				TARGETED_DEVICE_FAMILY = "1,2";
				TEST_HOST = "$(BUILT_PRODUCTS_DIR)/Intelligent identification.app/$(BUNDLE_EXECUTABLE_FOLDER_PATH)/Intelligent identification";
			};
			name = Debug;
		};
		9CDC04802EAB9B2000E7F44D /* Release */ = {
			isa = XCBuildConfiguration;
			buildSettings = {
				BUNDLE_LOADER = "$(TEST_HOST)";
				CODE_SIGN_STYLE = Automatic;
				CURRENT_PROJECT_VERSION = 1;
				DEVELOPMENT_TEAM = WTGJGVQPDD;
				GENERATE_INFOPLIST_FILE = YES;
				IPHONEOS_DEPLOYMENT_TARGET = 26.0;
				MARKETING_VERSION = 1.0;
				PRODUCT_BUNDLE_IDENTIFIER = "com.Jiahong-Chen.trip.Intelligent-identificationTests";
				PRODUCT_NAME = "$(TARGET_NAME)";
				STRING_CATALOG_GENERATE_SYMBOLS = NO;
				SWIFT_APPROACHABLE_CONCURRENCY = YES;
				SWIFT_EMIT_LOC_STRINGS = NO;
				SWIFT_UPCOMING_FEATURE_MEMBER_IMPORT_VISIBILITY = YES;
				SWIFT_VERSION = 5.0;
				TARGETED_DEVICE_FAMILY = "1,2";
				TEST_HOST = "$(BUILT_PRODUCTS_DIR)/Intelligent identification.app/$(BUNDLE_EXECUTABLE_FOLDER_PATH)/Intelligent identification";
			};
			name = Release;
		};
		9CDC04822EAB9B2000E7F44D /* Debug */ = {
			isa = XCBuildConfiguration;
			buildSettings = {
				"CODE_SIGN_IDENTITY[sdk=macosx*]" = "Apple Development";
				CODE_SIGN_STYLE = Automatic;
				CURRENT_PROJECT_VERSION = 1;
				DEVELOPMENT_TEAM = WTGJGVQPDD;
				GENERATE_INFOPLIST_FILE = YES;
				MARKETING_VERSION = 1.0;
				PRODUCT_BUNDLE_IDENTIFIER = "com.Jiahong-Chen.trip.Intelligent-identificationUITests";
				PRODUCT_NAME = "$(TARGET_NAME)";
				STRING_CATALOG_GENERATE_SYMBOLS = NO;
				SWIFT_APPROACHABLE_CONCURRENCY = YES;
				SWIFT_EMIT_LOC_STRINGS = NO;
				SWIFT_UPCOMING_FEATURE_MEMBER_IMPORT_VISIBILITY = YES;
				SWIFT_VERSION = 5.0;
				TARGETED_DEVICE_FAMILY = "1,2";
				TEST_TARGET_NAME = "Intelligent identification";
			};
			name = Debug;
		};
		9CDC04832EAB9B2000E7F44D /* Release */ = {
			isa = XCBuildConfiguration;
			buildSettings = {
				"CODE_SIGN_IDENTITY[sdk=macosx*]" = "Apple Development";
				CODE_SIGN_STYLE = Automatic;
				CURRENT_PROJECT_VERSION = 1;
				DEVELOPMENT_TEAM = WTGJGVQPDD;
				GENERATE_INFOPLIST_FILE = YES;
				MARKETING_VERSION = 1.0;
				PRODUCT_BUNDLE_IDENTIFIER = "com.Jiahong-Chen.trip.Intelligent-identificationUITests";
				PRODUCT_NAME = "$(TARGET_NAME)";
				STRING_CATALOG_GENERATE_SYMBOLS = NO;
				SWIFT_APPROACHABLE_CONCURRENCY = YES;
				SWIFT_EMIT_LOC_STRINGS = NO;
				SWIFT_UPCOMING_FEATURE_MEMBER_IMPORT_VISIBILITY = YES;
				SWIFT_VERSION = 5.0;
				TARGETED_DEVICE_FAMILY = "1,2";
				TEST_TARGET_NAME = "Intelligent identification";
			};
			name = Release;
		};
/* End XCBuildConfiguration section */

/* Begin XCConfigurationList section */
		9CDC04552EAB9B1E00E7F44D /* Build configuration list for PBXProject "Intelligent identification" */ = {
			isa = XCConfigurationList;
			buildConfigurations = (
				9CDC04792EAB9B2000E7F44D /* Debug */,
				9CDC047A2EAB9B2000E7F44D /* Release */,
			);
			defaultConfigurationIsVisible = 0;
			defaultConfigurationName = Release;
		};
		9CDC047B2EAB9B2000E7F44D /* Build configuration list for PBXNativeTarget "Intelligent identification" */ = {
			isa = XCConfigurationList;
			buildConfigurations = (
				9CDC047C2EAB9B2000E7F44D /* Debug */,
				9CDC047D2EAB9B2000E7F44D /* Release */,
			);
			defaultConfigurationIsVisible = 0;
			defaultConfigurationName = Release;
		};
		9CDC047E2EAB9B2000E7F44D /* Build configuration list for PBXNativeTarget "Intelligent identificationTests" */ = {
			isa = XCConfigurationList;
			buildConfigurations = (
				9CDC047F2EAB9B2000E7F44D /* Debug */,
				9CDC04802EAB9B2000E7F44D /* Release */,
			);
			defaultConfigurationIsVisible = 0;
			defaultConfigurationName = Release;
		};
		9CDC04812EAB9B2000E7F44D /* Build configuration list for PBXNativeTarget "Intelligent identificationUITests" */ = {
			isa = XCConfigurationList;
			buildConfigurations = (
				9CDC04822EAB9B2000E7F44D /* Debug */,
				9CDC04832EAB9B2000E7F44D /* Release */,
			);
			defaultConfigurationIsVisible = 0;
			defaultConfigurationName = Release;
		};
/* End XCConfigurationList section */
	};
	rootObject = 9CDC04522EAB9B1E00E7F44D /* Project object */;
}
